
Microsoft Visual Studio Solution File, Format Version 12.00
# Visual Studio Version 16
VisualStudioVersion = 16.0.31911.196
MinimumVisualStudioVersion = 10.0.40219.1
Project("{FAE04EC0-301F-11D3-BF4B-00C04F79EFBC}") = "Lisp question", "Lisp question\Lisp question.csproj", "{00D792EA-B731-4592-B45C-E44E26B35F5C}"
EndProject
Project("{FAE04EC0-301F-11D3-BF4B-00C04F79EFBC}") = "CSVReader", "CSVReader\CSVReader.csproj", "{B74242F9-E154-435E-A9A6-78D39D95140D}"
EndProject
Global
	GlobalSection(SolutionConfigurationPlatforms) = preSolution
		Debug|Any CPU = Debug|Any CPU
		Release|Any CPU = Release|Any CPU
	EndGlobalSection
	GlobalSection(ProjectConfigurationPlatforms) = postSolution
		{00D792EA-B731-4592-B45C-E44E26B35F5C}.Debug|Any CPU.ActiveCfg = Debug|Any CPU
		{00D792EA-B731-4592-B45C-E44E26B35F5C}.Debug|Any CPU.Build.0 = Debug|Any CPU
		{00D792EA-B731-4592-B45C-E44E26B35F5C}.Release|Any CPU.ActiveCfg = Release|Any CPU
		{00D792EA-B731-4592-B45C-E44E26B35F5C}.Release|Any CPU.Build.0 = Release|Any CPU
		{B74242F9-E154-435E-A9A6-78D39D95140D}.Debug|Any CPU.ActiveCfg = Debug|Any CPU
		{B74242F9-E154-435E-A9A6-78D39D95140D}.Debug|Any CPU.Build.0 = Debug|Any CPU
		{B74242F9-E154-435E-A9A6-78D39D95140D}.Release|Any CPU.ActiveCfg = Release|Any CPU
		{B74242F9-E154-435E-A9A6-78D39D95140D}.Release|Any CPU.Build.0 = Release|Any CPU
	EndGlobalSection
	GlobalSection(SolutionProperties) = preSolution
		HideSolutionNode = FALSE
	EndGlobalSection
	GlobalSection(ExtensibilityGlobals) = postSolution
		SolutionGuid = {901C6F27-7077-41A2-889D-BF0ACC0C04B7}
	EndGlobalSection
EndGlobal
